{
  "nodes": {
    "dendritic": {
      "inputs": {
        "flake-aspects": "flake-aspects",
        "flake-parts": [
          "flake-parts"
        ],
        "import-tree": [
          "import-tree"
        ]
      },
      "locked": {
        "lastModified": 1789780546,
        "narHash": "sha256-Qa6V7pDTXqbvmOYAG9JAFmQrTX2vw9xoeqF0lGteKuo=",
        "owner": "wawwior",
        "repo": "dendritic",
        "rev": "5109fb4a28377018eeb3415d5dac14a1a51d03a7",
        "type": "github"
      },
      "original": {
        "owner": "wawwior",
        "repo": "dendritic",
        "type": "github"
      }
    },
    "disko": {
      "inputs": {
        "nixpkgs": [
          "nixpkgs"
        ]
      },
      "locked": {
        "lastModified": 1789770686,
        "narHash": "sha256-uZkBR7yHdIKUFB5SZdfgh1qkGfI3XmYmI/lTiquxbck=",
        "owner": "nix-community",
        "repo": "disko",
        "rev": "725ea35e410ad83be4931d1bff7e090eacaf3563",
        "type": "github"
      },
      "original": {
        "owner": "nix-community",
        "repo": "disko",
        "type": "github"
      }
    },
    "flake-aspects": {
      "locked": {
        "lastModified": 1788209328,
        "narHash": "sha256-LTU8Ea+VbDtPtOFOAufZHe+cW1ISdEt96Au0+cIUZ4Y=",
        "owner": "denful",
        "repo": "flake-aspects",
        "rev": "e5bbf7be955e8289d545c783673808b18d48c780",
        "type": "github"
      },
      "original": {
        "owner": "denful",
        "repo": "flake-aspects",
        "type": "github"
      }
    },
    "flake-file": {
      "locked": {
        "lastModified": 1789150028,
        "narHash": "sha256-o/o3n8+HAzFOFH83SuGW/w5J6glHtV+r8v+gJbMeoXM=",
        "owner": "vic",
        "repo": "flake-file",
        "rev": "eccac77d2c2567efb6f368330930f3d55af8668a",
        "type": "github"
      },
      "original": {
        "owner": "vic",
        "repo": "flake-file",
        "type": "github"
      }
    },
    "flake-parts": {
      "inputs": {
        "nixpkgs-lib": [
          "nixpkgs"
        ]
      },
      "locked": {
        "lastModified": 1788450739,
        "narHash": "sha256-glZLQlzIn1fXH6PazR2iUmTo7kzzyYSshrWhLS9TqCU=",
        "owner": "hercules-ci",
        "repo": "flake-parts",
        "rev": "31729ca8cbdb4fa927b34e5f4353e6a83f39e993",
        "type": "github"
      },
      "original": {
        "owner": "hercules-ci",
        "repo": "flake-parts",
        "type": "github"
      }
    },
    "import-tree": {
      "locked": {
        "lastModified": 1788467110,
        "narHash": "sha256-ljEMTXP/rH0tOvDzc9gzwww6KcHRPRnEHzd9lK48V7s=",
        "owner": "vic",
        "repo": "import-tree",
        "rev": "eb1b52eaecc57f7c136d07ae8a93e724dfecac46",
        "type": "github"
      },
      "original": {
        "owner": "vic",
        "repo": "import-tree",
        "type": "github"
      }
    },
    "niri-flake": {
      "inputs": {
        "niri-stable": "niri-stable",
        "niri-unstable": "niri-unstable",
        "nixpkgs": [
          "nixpkgs"
        ],
        "nixpkgs-stable": "nixpkgs-stable",
        "xwayland-satellite-stable": "xwayland-satellite-stable",
        "xwayland-satellite-unstable": "xwayland-satellite-unstable"
      },
      "locked": {
        "lastModified": 1790343245,
        "narHash": "sha256-Y5zf4S3sXzKWCCLyWI4/3P7pC/FP7iDCX7wyVHHXKbg=",
        "owner": "epireyn",
        "repo": "niri-flake",
        "rev": "1f62e4b92f0e5998e619d3b9a82a8b42d093db7c",
        "type": "github"
      },
      "original": {
        "owner": "epireyn",
        "repo": "niri-flake",
        "type": "github"
      }
    },
    "niri-stable": {
      "flake": false,
      "locked": {
        "lastModified": 1777115961,
        "narHash": "sha256-ehSMsSpE+0k8r+2Vseu8kangsYxToZv3vinynsDp9zs=",
        "owner": "niri-wm",
        "repo": "niri",
        "rev": "8ed0da44d974c32c6877d2f4630c314da0717ecb",
        "type": "github"
      },
      "original": {
        "owner": "niri-wm",
        "ref": "v26.04",
        "repo": "niri",
        "type": "github"
      }
    },
    "niri-unstable": {
      "flake": false,
      "locked": {
        "lastModified": 1790321875,
        "narHash": "sha256-R2huqawjtBSEIPIz2at1ieI7LlD0f7wqtgBhJlPekn0=",
        "owner": "niri-wm",
        "repo": "niri",
        "rev": "e3c52255f226a666ec85cbef21bd7a3e18433891",
        "type": "github"
      },
      "original": {
        "owner": "niri-wm",
        "repo": "niri",
        "type": "github"
      }
    },
    "nixpkgs": {
      "locked": {
        "lastModified": 1789546076,
        "narHash": "sha256-zVxLZiSnmaaPLwnhj7pwmqe3axBg/C6nG5JZsJMh2g4=",
        "owner": "nixos",
        "repo": "nixpkgs",
        "rev": "b1b875982b17dabde9b4a37f3e229e74913e6db3",
        "type": "github"
      },
      "original": {
        "owner": "nixos",
        "ref": "nixos-unstable",
        "repo": "nixpkgs",
        "type": "github"
      }
    },
    "nixpkgs-stable": {
      "locked": {
        "lastModified": 1790218706,
        "narHash": "sha256-6e4Na3z008XpdVyOXgfasXIn1aN+z8AXFG+jXdQSyuI=",
        "owner": "NixOS",
        "repo": "nixpkgs",
        "rev": "c508844df6c28fa6dabc1b6af70f3ccbd65c5201",
        "type": "github"
      },
      "original": {
        "owner": "NixOS",
        "ref": "nixos-26.05",
        "repo": "nixpkgs",
        "type": "github"
      }
    },
    "preservation": {
      "locked": {
        "lastModified": 1757436102,
        "narHash": "sha256-mMI9IanU+Xw+pVogD2oT0I2kTmvz2Un/Apc5+CwUpEY=",
        "owner": "nix-community",
        "repo": "preservation",
        "rev": "93416f4614ad2dfed5b0dcf12f27e57d27a5ab11",
        "type": "github"
      },
      "original": {
        "owner": "nix-community",
        "repo": "preservation",
        "type": "github"
      }
    },
    "root": {
      "inputs": {
        "dendritic": "dendritic",
        "disko": "disko",
        "flake-file": "flake-file",
        "flake-parts": "flake-parts",
        "import-tree": "import-tree",
        "niri-flake": "niri-flake",
        "nixpkgs": "nixpkgs",
        "preservation": "preservation"
      }
    },
    "xwayland-satellite-stable": {
      "flake": false,
      "locked": {
        "lastModified": 1784679892,
        "narHash": "sha256-Mb7jpqnrcYCfNSItIkkHpuR3YxWFxPuIBfcwNKlRBkk=",
        "owner": "Supreeeme",
        "repo": "xwayland-satellite",
        "rev": "8d135d3b2854b30fd01ea6cd6c27e523dd50a839",
        "type": "github"
      },
      "original": {
        "owner": "Supreeeme",
        "ref": "v0.8.2",
        "repo": "xwayland-satellite",
        "type": "github"
      }
    },
    "xwayland-satellite-unstable": {
      "flake": false,
      "locked": {
        "lastModified": 1790341322,
        "narHash": "sha256-FBRBINpTMhkhVm9irSqeWKmI8/QMyXcTRxHeCMVvxdc=",
        "owner": "Supreeeme",
        "repo": "xwayland-satellite",
        "rev": "63cdf17f17b4ee231ef862690048549f218e8e0e",
        "type": "github"
      },
      "original": {
        "owner": "Supreeeme",
        "repo": "xwayland-satellite",
        "type": "github"
      }
    }
  },
  "root": "root",
  "version": 7
}
